// !$*UTF8*$!
{
	archiveVersion = 1;
	classes = {
	};
	objectVersion = 46;
	objects = {

/* Begin PBXBuildFile section */
		DF61F72E157EB29600CCA56D /* UIKit.framework in Frameworks */ = {isa = PBXBuildFile; fileRef = DF61F72D157EB29600CCA56D /* UIKit.framework */; };
		DF61F730157EB29600CCA56D /* Foundation.framework in Frameworks */ = {isa = PBXBuildFile; fileRef = DF61F72F157EB29600CCA56D /* Foundation.framework */; };
		DF61F732157EB29600CCA56D /* CoreGraphics.framework in Frameworks */ = {isa = PBXBuildFile; fileRef = DF61F731157EB29600CCA56D /* CoreGraphics.framework */; };
		DF61F738157EB29600CCA56D /* InfoPlist.strings in Resources */ = {isa = PBXBuildFile; fileRef = DF61F736157EB29600CCA56D /* InfoPlist.strings */; };
		DF61F73A157EB29600CCA56D /* main.m in Sources */ = {isa = PBXBuildFile; fileRef = DF61F739157EB29600CCA56D /* main.m */; };
		DF61F73E157EB29600CCA56D /* AppDelegate.m in Sources */ = {isa = PBXBuildFile; fileRef = DF61F73D157EB29600CCA56D /* AppDelegate.m */; };
		DFB47BF9157EB86500351C58 /* Foundation.framework in Frameworks */ = {isa = PBXBuildFile; fileRef = DF61F72F157EB29600CCA56D /* Foundation.framework */; };
		DFB47C0C157EBAAB00351C58 /* libArdha.a in Frameworks */ = {isa = PBXBuildFile; fileRef = DFB47BF8157EB86500351C58 /* libArdha.a */; };
		DFB47C24157EC8F900351C58 /* SVHTTPClient.h in Headers */ = {isa = PBXBuildFile; fileRef = DFB47C20157EC8F900351C58 /* SVHTTPClient.h */; };
		DFB47C25157EC8F900351C58 /* SVHTTPClient.m in Sources */ = {isa = PBXBuildFile; fileRef = DFB47C21157EC8F900351C58 /* SVHTTPClient.m */; settings = {COMPILER_FLAGS = "-fno-objc-arc"; }; };
		DFB47C26157EC8F900351C58 /* SVHTTPRequest.h in Headers */ = {isa = PBXBuildFile; fileRef = DFB47C22157EC8F900351C58 /* SVHTTPRequest.h */; };
		DFB47C27157EC8F900351C58 /* SVHTTPRequest.m in Sources */ = {isa = PBXBuildFile; fileRef = DFB47C23157EC8F900351C58 /* SVHTTPRequest.m */; settings = {COMPILER_FLAGS = "-fno-objc-arc"; }; };
		DFB47C28157EC94C00351C58 /* Ardha.m in Sources */ = {isa = PBXBuildFile; fileRef = DFB47BE8157EB7A900351C58 /* Ardha.m */; };
		DFB47C29157EC97100351C58 /* UIKit.framework in Frameworks */ = {isa = PBXBuildFile; fileRef = DF61F72D157EB29600CCA56D /* UIKit.framework */; };
		DFB47C2F157ECB8700351C58 /* Ardha.plist in Resources */ = {isa = PBXBuildFile; fileRef = DFB47C19157EC74000351C58 /* Ardha.plist */; };
		DFB47C38157ED12400351C58 /* AUser.h in Headers */ = {isa = PBXBuildFile; fileRef = DFB47C36157ED12400351C58 /* AUser.h */; settings = {ATTRIBUTES = (Public, ); }; };
		DFB47C39157ED12400351C58 /* AUser.m in Sources */ = {isa = PBXBuildFile; fileRef = DFB47C37157ED12400351C58 /* AUser.m */; };
		DFB47C40157ED62800351C58 /* AWorkspace.h in Headers */ = {isa = PBXBuildFile; fileRef = DFB47C3E157ED62800351C58 /* AWorkspace.h */; settings = {ATTRIBUTES = (Public, ); }; };
		DFB47C41157ED62800351C58 /* AWorkspace.m in Sources */ = {isa = PBXBuildFile; fileRef = DFB47C3F157ED62800351C58 /* AWorkspace.m */; };
		DFB47C44157EEBD000351C58 /* ATask.h in Headers */ = {isa = PBXBuildFile; fileRef = DFB47C42157EEBD000351C58 /* ATask.h */; };
		DFB47C45157EEBD000351C58 /* ATask.m in Sources */ = {isa = PBXBuildFile; fileRef = DFB47C43157EEBD000351C58 /* ATask.m */; };
		DFB47C48157EEBD900351C58 /* AProject.h in Headers */ = {isa = PBXBuildFile; fileRef = DFB47C46157EEBD900351C58 /* AProject.h */; };
		DFB47C49157EEBD900351C58 /* AProject.m in Sources */ = {isa = PBXBuildFile; fileRef = DFB47C47157EEBD900351C58 /* AProject.m */; };
		DFB47C4C157EEBE200351C58 /* AStory.h in Headers */ = {isa = PBXBuildFile; fileRef = DFB47C4A157EEBE100351C58 /* AStory.h */; };
		DFB47C4D157EEBE200351C58 /* AStory.m in Sources */ = {isa = PBXBuildFile; fileRef = DFB47C4B157EEBE200351C58 /* AStory.m */; };
		DFB47C50157EEFE700351C58 /* AObject.h in Headers */ = {isa = PBXBuildFile; fileRef = DFB47C4E157EEFE700351C58 /* AObject.h */; };
		DFB47C51157EEFE700351C58 /* AObject.m in Sources */ = {isa = PBXBuildFile; fileRef = DFB47C4F157EEFE700351C58 /* AObject.m */; };
/* End PBXBuildFile section */

/* Begin PBXFileReference section */
		DF61F729157EB29600CCA56D /* Chakrasana.app */ = {isa = PBXFileReference; explicitFileType = wrapper.application; includeInIndex = 0; path = Chakrasana.app; sourceTree = BUILT_PRODUCTS_DIR; };
		DF61F72D157EB29600CCA56D /* UIKit.framework */ = {isa = PBXFileReference; lastKnownFileType = wrapper.framework; name = UIKit.framework; path = System/Library/Frameworks/UIKit.framework; sourceTree = SDKROOT; };
		DF61F72F157EB29600CCA56D /* Foundation.framework */ = {isa = PBXFileReference; lastKnownFileType = wrapper.framework; name = Foundation.framework; path = System/Library/Frameworks/Foundation.framework; sourceTree = SDKROOT; };
		DF61F731157EB29600CCA56D /* CoreGraphics.framework */ = {isa = PBXFileReference; lastKnownFileType = wrapper.framework; name = CoreGraphics.framework; path = System/Library/Frameworks/CoreGraphics.framework; sourceTree = SDKROOT; };
		DF61F735157EB29600CCA56D /* Chakrasana-Info.plist */ = {isa = PBXFileReference; lastKnownFileType = text.plist.xml; path = "Chakrasana-Info.plist"; sourceTree = "<group>"; };
		DF61F737157EB29600CCA56D /* en */ = {isa = PBXFileReference; lastKnownFileType = text.plist.strings; name = en; path = en.lproj/InfoPlist.strings; sourceTree = "<group>"; };
		DF61F739157EB29600CCA56D /* main.m */ = {isa = PBXFileReference; lastKnownFileType = sourcecode.c.objc; path = main.m; sourceTree = "<group>"; };
		DF61F73B157EB29600CCA56D /* Chakrasana-Prefix.pch */ = {isa = PBXFileReference; lastKnownFileType = sourcecode.c.h; path = "Chakrasana-Prefix.pch"; sourceTree = "<group>"; };
		DF61F73C157EB29600CCA56D /* AppDelegate.h */ = {isa = PBXFileReference; lastKnownFileType = sourcecode.c.h; path = AppDelegate.h; sourceTree = "<group>"; };
		DF61F73D157EB29600CCA56D /* AppDelegate.m */ = {isa = PBXFileReference; lastKnownFileType = sourcecode.c.objc; path = AppDelegate.m; sourceTree = "<group>"; };
		DFB47BE7157EB7A900351C58 /* Ardha.h */ = {isa = PBXFileReference; fileEncoding = 4; lastKnownFileType = sourcecode.c.h; path = Ardha.h; sourceTree = "<group>"; };
		DFB47BE8157EB7A900351C58 /* Ardha.m */ = {isa = PBXFileReference; fileEncoding = 4; lastKnownFileType = sourcecode.c.objc; path = Ardha.m; sourceTree = "<group>"; };
		DFB47BEA157EB7EE00351C58 /* Ardha-Prefix.pch */ = {isa = PBXFileReference; fileEncoding = 4; lastKnownFileType = sourcecode.c.h; path = "Ardha-Prefix.pch"; sourceTree = "<group>"; };
		DFB47BF8157EB86500351C58 /* libArdha.a */ = {isa = PBXFileReference; explicitFileType = archive.ar; includeInIndex = 0; path = libArdha.a; sourceTree = BUILT_PRODUCTS_DIR; };
		DFB47C19157EC74000351C58 /* Ardha.plist */ = {isa = PBXFileReference; fileEncoding = 4; lastKnownFileType = text.plist.xml; name = Ardha.plist; path = ../Ardha/Ardha.plist; sourceTree = "<group>"; };
		DFB47C20157EC8F900351C58 /* SVHTTPClient.h */ = {isa = PBXFileReference; fileEncoding = 4; lastKnownFileType = sourcecode.c.h; name = SVHTTPClient.h; path = Libraries/SVHTTPRequest/SVHTTPRequest/SVHTTPClient.h; sourceTree = SOURCE_ROOT; };
		DFB47C21157EC8F900351C58 /* SVHTTPClient.m */ = {isa = PBXFileReference; fileEncoding = 4; lastKnownFileType = sourcecode.c.objc; name = SVHTTPClient.m; path = Libraries/SVHTTPRequest/SVHTTPRequest/SVHTTPClient.m; sourceTree = SOURCE_ROOT; };
		DFB47C22157EC8F900351C58 /* SVHTTPRequest.h */ = {isa = PBXFileReference; fileEncoding = 4; lastKnownFileType = sourcecode.c.h; name = SVHTTPRequest.h; path = Libraries/SVHTTPRequest/SVHTTPRequest/SVHTTPRequest.h; sourceTree = SOURCE_ROOT; };
		DFB47C23157EC8F900351C58 /* SVHTTPRequest.m */ = {isa = PBXFileReference; fileEncoding = 4; lastKnownFileType = sourcecode.c.objc; name = SVHTTPRequest.m; path = Libraries/SVHTTPRequest/SVHTTPRequest/SVHTTPRequest.m; sourceTree = SOURCE_ROOT; };
		DFB47C36157ED12400351C58 /* AUser.h */ = {isa = PBXFileReference; fileEncoding = 4; lastKnownFileType = sourcecode.c.h; path = AUser.h; sourceTree = "<group>"; };
		DFB47C37157ED12400351C58 /* AUser.m */ = {isa = PBXFileReference; fileEncoding = 4; lastKnownFileType = sourcecode.c.objc; path = AUser.m; sourceTree = "<group>"; };
		DFB47C3E157ED62800351C58 /* AWorkspace.h */ = {isa = PBXFileReference; fileEncoding = 4; lastKnownFileType = sourcecode.c.h; path = AWorkspace.h; sourceTree = "<group>"; };
		DFB47C3F157ED62800351C58 /* AWorkspace.m */ = {isa = PBXFileReference; fileEncoding = 4; lastKnownFileType = sourcecode.c.objc; path = AWorkspace.m; sourceTree = "<group>"; };
		DFB47C42157EEBD000351C58 /* ATask.h */ = {isa = PBXFileReference; fileEncoding = 4; lastKnownFileType = sourcecode.c.h; path = ATask.h; sourceTree = "<group>"; };
		DFB47C43157EEBD000351C58 /* ATask.m */ = {isa = PBXFileReference; fileEncoding = 4; lastKnownFileType = sourcecode.c.objc; path = ATask.m; sourceTree = "<group>"; };
		DFB47C46157EEBD900351C58 /* AProject.h */ = {isa = PBXFileReference; fileEncoding = 4; lastKnownFileType = sourcecode.c.h; path = AProject.h; sourceTree = "<group>"; };
		DFB47C47157EEBD900351C58 /* AProject.m */ = {isa = PBXFileReference; fileEncoding = 4; lastKnownFileType = sourcecode.c.objc; path = AProject.m; sourceTree = "<group>"; };
		DFB47C4A157EEBE100351C58 /* AStory.h */ = {isa = PBXFileReference; fileEncoding = 4; lastKnownFileType = sourcecode.c.h; path = AStory.h; sourceTree = "<group>"; };
		DFB47C4B157EEBE200351C58 /* AStory.m */ = {isa = PBXFileReference; fileEncoding = 4; lastKnownFileType = sourcecode.c.objc; path = AStory.m; sourceTree = "<group>"; };
		DFB47C4E157EEFE700351C58 /* AObject.h */ = {isa = PBXFileReference; fileEncoding = 4; lastKnownFileType = sourcecode.c.h; path = AObject.h; sourceTree = "<group>"; };
		DFB47C4F157EEFE700351C58 /* AObject.m */ = {isa = PBXFileReference; fileEncoding = 4; lastKnownFileType = sourcecode.c.objc; path = AObject.m; sourceTree = "<group>"; };
/* End PBXFileReference section */

/* Begin PBXFrameworksBuildPhase section */
		DF61F726157EB29600CCA56D /* Frameworks */ = {
			isa = PBXFrameworksBuildPhase;
			buildActionMask = 2147483647;
			files = (
				DFB47C0C157EBAAB00351C58 /* libArdha.a in Frameworks */,
				DF61F72E157EB29600CCA56D /* UIKit.framework in Frameworks */,
				DF61F730157EB29600CCA56D /* Foundation.framework in Frameworks */,
				DF61F732157EB29600CCA56D /* CoreGraphics.framework in Frameworks */,
			);
			runOnlyForDeploymentPostprocessing = 0;
		};
		DFB47BF5157EB86500351C58 /* Frameworks */ = {
			isa = PBXFrameworksBuildPhase;
			buildActionMask = 2147483647;
			files = (
				DFB47C29157EC97100351C58 /* UIKit.framework in Frameworks */,
				DFB47BF9157EB86500351C58 /* Foundation.framework in Frameworks */,
			);
			runOnlyForDeploymentPostprocessing = 0;
		};
/* End PBXFrameworksBuildPhase section */

/* Begin PBXGroup section */
		DF61F71E157EB29600CCA56D = {
			isa = PBXGroup;
			children = (
				DF61F733157EB29600CCA56D /* Chakrasana */,
				DFB47BE4157EB76E00351C58 /* Ardha */,
				DF61F72C157EB29600CCA56D /* Frameworks */,
				DF61F72A157EB29600CCA56D /* Products */,
			);
			sourceTree = "<group>";
		};
		DF61F72A157EB29600CCA56D /* Products */ = {
			isa = PBXGroup;
			children = (
				DF61F729157EB29600CCA56D /* Chakrasana.app */,
				DFB47BF8157EB86500351C58 /* libArdha.a */,
			);
			name = Products;
			sourceTree = "<group>";
		};
		DF61F72C157EB29600CCA56D /* Frameworks */ = {
			isa = PBXGroup;
			children = (
				DF61F72D157EB29600CCA56D /* UIKit.framework */,
				DF61F72F157EB29600CCA56D /* Foundation.framework */,
				DF61F731157EB29600CCA56D /* CoreGraphics.framework */,
			);
			name = Frameworks;
			sourceTree = "<group>";
		};
		DF61F733157EB29600CCA56D /* Chakrasana */ = {
			isa = PBXGroup;
			children = (
				DF61F73C157EB29600CCA56D /* AppDelegate.h */,
				DF61F73D157EB29600CCA56D /* AppDelegate.m */,
				DF61F734157EB29600CCA56D /* Supporting Files */,
			);
			path = Chakrasana;
			sourceTree = "<group>";
		};
		DF61F734157EB29600CCA56D /* Supporting Files */ = {
			isa = PBXGroup;
			children = (
				DF61F73B157EB29600CCA56D /* Chakrasana-Prefix.pch */,
				DF61F735157EB29600CCA56D /* Chakrasana-Info.plist */,
				DFB47C19157EC74000351C58 /* Ardha.plist */,
				DF61F736157EB29600CCA56D /* InfoPlist.strings */,
				DF61F739157EB29600CCA56D /* main.m */,
			);
			name = "Supporting Files";
			sourceTree = "<group>";
		};
		DFB47BE4157EB76E00351C58 /* Ardha */ = {
			isa = PBXGroup;
			children = (
				DFB47C35157ECE2900351C58 /* Models */,
				DFB47BE7157EB7A900351C58 /* Ardha.h */,
				DFB47BE8157EB7A900351C58 /* Ardha.m */,
				DFB47BE6157EB77400351C58 /* Supporting Files */,
			);
			path = Ardha;
			sourceTree = "<group>";
		};
		DFB47BE6157EB77400351C58 /* Supporting Files */ = {
			isa = PBXGroup;
			children = (
				DFB47C1F157EC89D00351C58 /* SVHTTPRequest */,
				DFB47BEA157EB7EE00351C58 /* Ardha-Prefix.pch */,
			);
			name = "Supporting Files";
			sourceTree = "<group>";
		};
		DFB47C1F157EC89D00351C58 /* SVHTTPRequest */ = {
			isa = PBXGroup;
			children = (
				DFB47C20157EC8F900351C58 /* SVHTTPClient.h */,
				DFB47C21157EC8F900351C58 /* SVHTTPClient.m */,
				DFB47C22157EC8F900351C58 /* SVHTTPRequest.h */,
				DFB47C23157EC8F900351C58 /* SVHTTPRequest.m */,
			);
			name = SVHTTPRequest;
			sourceTree = "<group>";
		};
		DFB47C35157ECE2900351C58 /* Models */ = {
			isa = PBXGroup;
			children = (
				DFB47C4E157EEFE700351C58 /* AObject.h */,
				DFB47C4F157EEFE700351C58 /* AObject.m */,
				DFB47C36157ED12400351C58 /* AUser.h */,
				DFB47C37157ED12400351C58 /* AUser.m */,
				DFB47C3E157ED62800351C58 /* AWorkspace.h */,
				DFB47C3F157ED62800351C58 /* AWorkspace.m */,
				DFB47C42157EEBD000351C58 /* ATask.h */,
				DFB47C43157EEBD000351C58 /* ATask.m */,
				DFB47C46157EEBD900351C58 /* AProject.h */,
				DFB47C47157EEBD900351C58 /* AProject.m */,
				DFB47C4A157EEBE100351C58 /* AStory.h */,
				DFB47C4B157EEBE200351C58 /* AStory.m */,
			);
			path = Models;
			sourceTree = "<group>";
		};
/* End PBXGroup section */

/* Begin PBXHeadersBuildPhase section */
		DFB47BF6157EB86500351C58 /* Headers */ = {
			isa = PBXHeadersBuildPhase;
			buildActionMask = 2147483647;
			files = (
				DFB47C24157EC8F900351C58 /* SVHTTPClient.h in Headers */,
				DFB47C26157EC8F900351C58 /* SVHTTPRequest.h in Headers */,
				DFB47C38157ED12400351C58 /* AUser.h in Headers */,
				DFB47C40157ED62800351C58 /* AWorkspace.h in Headers */,
				DFB47C44157EEBD000351C58 /* ATask.h in Headers */,
				DFB47C48157EEBD900351C58 /* AProject.h in Headers */,
				DFB47C4C157EEBE200351C58 /* AStory.h in Headers */,
				DFB47C50157EEFE700351C58 /* AObject.h in Headers */,
			);
			runOnlyForDeploymentPostprocessing = 0;
		};
/* End PBXHeadersBuildPhase section */

/* Begin PBXNativeTarget section */
		DF61F728157EB29600CCA56D /* Chakrasana */ = {
			isa = PBXNativeTarget;
			buildConfigurationList = DF61F741157EB29600CCA56D /* Build configuration list for PBXNativeTarget "Chakrasana" */;
			buildPhases = (
				DF61F725157EB29600CCA56D /* Sources */,
				DF61F726157EB29600CCA56D /* Frameworks */,
				DF61F727157EB29600CCA56D /* Resources */,
			);
			buildRules = (
			);
			dependencies = (
			);
			name = Chakrasana;
			productName = Chakrasana;
			productReference = DF61F729157EB29600CCA56D /* Chakrasana.app */;
			productType = "com.apple.product-type.application";
		};
		DFB47BF7157EB86500351C58 /* Ardha */ = {
			isa = PBXNativeTarget;
			buildConfigurationList = DFB47C00157EB86500351C58 /* Build configuration list for PBXNativeTarget "Ardha" */;
			buildPhases = (
				DFB47BF4157EB86500351C58 /* Sources */,
				DFB47BF5157EB86500351C58 /* Frameworks */,
				DFB47BF6157EB86500351C58 /* Headers */,
			);
			buildRules = (
			);
			dependencies = (
			);
			name = Ardha;
			productName = Ardha;
			productReference = DFB47BF8157EB86500351C58 /* libArdha.a */;
			productType = "com.apple.product-type.library.static";
		};
/* End PBXNativeTarget section */

/* Begin PBXProject section */
		DF61F720157EB29600CCA56D /* Project object */ = {
			isa = PBXProject;
			attributes = {
				LastUpgradeCheck = 0430;
				ORGANIZATIONNAME = schnap.ps;
			};
			buildConfigurationList = DF61F723157EB29600CCA56D /* Build configuration list for PBXProject "Chakrasana" */;
			compatibilityVersion = "Xcode 3.2";
			developmentRegion = English;
			hasScannedForEncodings = 0;
			knownRegions = (
				en,
			);
			mainGroup = DF61F71E157EB29600CCA56D;
			productRefGroup = DF61F72A157EB29600CCA56D /* Products */;
			projectDirPath = "";
			projectRoot = "";
			targets = (
				DF61F728157EB29600CCA56D /* Chakrasana */,
				DFB47BF7157EB86500351C58 /* Ardha */,
			);
		};
/* End PBXProject section */

/* Begin PBXResourcesBuildPhase section */
		DF61F727157EB29600CCA56D /* Resources */ = {
			isa = PBXResourcesBuildPhase;
			buildActionMask = 2147483647;
			files = (
				DF61F738157EB29600CCA56D /* InfoPlist.strings in Resources */,
				DFB47C2F157ECB8700351C58 /* Ardha.plist in Resources */,
			);
			runOnlyForDeploymentPostprocessing = 0;
		};
/* End PBXResourcesBuildPhase section */

/* Begin PBXSourcesBuildPhase section */
		DF61F725157EB29600CCA56D /* Sources */ = {
			isa = PBXSourcesBuildPhase;
			buildActionMask = 2147483647;
			files = (
				DF61F73A157EB29600CCA56D /* main.m in Sources */,
				DF61F73E157EB29600CCA56D /* AppDelegate.m in Sources */,
			);
			runOnlyForDeploymentPostprocessing = 0;
		};
		DFB47BF4157EB86500351C58 /* Sources */ = {
			isa = PBXSourcesBuildPhase;
			buildActionMask = 2147483647;
			files = (
				DFB47C39157ED12400351C58 /* AUser.m in Sources */,
				DFB47C28157EC94C00351C58 /* Ardha.m in Sources */,
				DFB47C25157EC8F900351C58 /* SVHTTPClient.m in Sources */,
				DFB47C27157EC8F900351C58 /* SVHTTPRequest.m in Sources */,
				DFB47C41157ED62800351C58 /* AWorkspace.m in Sources */,
				DFB47C45157EEBD000351C58 /* ATask.m in Sources */,
				DFB47C49157EEBD900351C58 /* AProject.m in Sources */,
				DFB47C4D157EEBE200351C58 /* AStory.m in Sources */,
				DFB47C51157EEFE700351C58 /* AObject.m in Sources */,
			);
			runOnlyForDeploymentPostprocessing = 0;
		};
/* End PBXSourcesBuildPhase section */

/* Begin PBXVariantGroup section */
		DF61F736157EB29600CCA56D /* InfoPlist.strings */ = {
			isa = PBXVariantGroup;
			children = (
				DF61F737157EB29600CCA56D /* en */,
			);
			name = InfoPlist.strings;
			sourceTree = "<group>";
		};
/* End PBXVariantGroup section */

/* Begin XCBuildConfiguration section */
		DF61F73F157EB29600CCA56D /* Debug */ = {
			isa = XCBuildConfiguration;
			buildSettings = {
				ALWAYS_SEARCH_USER_PATHS = NO;
				ARCHS = "$(ARCHS_STANDARD_32_BIT)";
				CLANG_ENABLE_OBJC_ARC = YES;
				"CODE_SIGN_IDENTITY[sdk=iphoneos*]" = "iPhone Developer";
				COPY_PHASE_STRIP = NO;
				GCC_C_LANGUAGE_STANDARD = gnu99;
				GCC_DYNAMIC_NO_PIC = NO;
				GCC_OPTIMIZATION_LEVEL = 0;
				GCC_PREPROCESSOR_DEFINITIONS = (
					"DEBUG=1",
					"$(inherited)",
				);
				GCC_SYMBOLS_PRIVATE_EXTERN = NO;
				GCC_VERSION = com.apple.compilers.llvm.clang.1_0;
				GCC_WARN_ABOUT_RETURN_TYPE = YES;
				GCC_WARN_UNINITIALIZED_AUTOS = YES;
				GCC_WARN_UNUSED_VARIABLE = YES;
				IPHONEOS_DEPLOYMENT_TARGET = 5.1;
				SDKROOT = iphoneos;
				TARGETED_DEVICE_FAMILY = "1,2";
			};
			name = Debug;
		};
		DF61F740157EB29600CCA56D /* Release */ = {
			isa = XCBuildConfiguration;
			buildSettings = {
				ALWAYS_SEARCH_USER_PATHS = NO;
				ARCHS = "$(ARCHS_STANDARD_32_BIT)";
				CLANG_ENABLE_OBJC_ARC = YES;
				"CODE_SIGN_IDENTITY[sdk=iphoneos*]" = "iPhone Developer";
				COPY_PHASE_STRIP = YES;
				GCC_C_LANGUAGE_STANDARD = gnu99;
				GCC_VERSION = com.apple.compilers.llvm.clang.1_0;
				GCC_WARN_ABOUT_RETURN_TYPE = YES;
				GCC_WARN_UNINITIALIZED_AUTOS = YES;
				GCC_WARN_UNUSED_VARIABLE = YES;
				IPHONEOS_DEPLOYMENT_TARGET = 5.1;
				OTHER_CFLAGS = "-DNS_BLOCK_ASSERTIONS=1";
				SDKROOT = iphoneos;
				TARGETED_DEVICE_FAMILY = "1,2";
				VALIDATE_PRODUCT = YES;
			};
			name = Release;
		};
		DF61F742157EB29600CCA56D /* Debug */ = {
			isa = XCBuildConfiguration;
			buildSettings = {
				GCC_PRECOMPILE_PREFIX_HEADER = YES;
				GCC_PREFIX_HEADER = "Chakrasana/Chakrasana-Prefix.pch";
				INFOPLIST_FILE = "Chakrasana/Chakrasana-Info.plist";
				PRODUCT_NAME = "$(TARGET_NAME)";
				WRAPPER_EXTENSION = app;
			};
			name = Debug;
		};
		DF61F743157EB29600CCA56D /* Release */ = {
			isa = XCBuildConfiguration;
			buildSettings = {
				GCC_PRECOMPILE_PREFIX_HEADER = YES;
				GCC_PREFIX_HEADER = "Chakrasana/Chakrasana-Prefix.pch";
				INFOPLIST_FILE = "Chakrasana/Chakrasana-Info.plist";
				PRODUCT_NAME = "$(TARGET_NAME)";
				WRAPPER_EXTENSION = app;
			};
			name = Release;
		};
		DFB47C01157EB86500351C58 /* Debug */ = {
			isa = XCBuildConfiguration;
			buildSettings = {
				DSTROOT = /tmp/Ardha.dst;
				GCC_PRECOMPILE_PREFIX_HEADER = YES;
				GCC_PREFIX_HEADER = "Ardha/Ardha-Prefix.pch";
				OTHER_LDFLAGS = "-ObjC";
				PRODUCT_NAME = "$(TARGET_NAME)";
				SKIP_INSTALL = YES;
			};
			name = Debug;
		};
		DFB47C02157EB86500351C58 /* Release */ = {
			isa = XCBuildConfiguration;
			buildSettings = {
				DSTROOT = /tmp/Ardha.dst;
				GCC_PRECOMPILE_PREFIX_HEADER = YES;
				GCC_PREFIX_HEADER = "Ardha/Ardha-Prefix.pch";
				OTHER_LDFLAGS = "-ObjC";
				PRODUCT_NAME = "$(TARGET_NAME)";
				SKIP_INSTALL = YES;
			};
			name = Release;
		};
/* End XCBuildConfiguration section */

/* Begin XCConfigurationList section */
		DF61F723157EB29600CCA56D /* Build configuration list for PBXProject "Chakrasana" */ = {
			isa = XCConfigurationList;
			buildConfigurations = (
				DF61F73F157EB29600CCA56D /* Debug */,
				DF61F740157EB29600CCA56D /* Release */,
			);
			defaultConfigurationIsVisible = 0;
			defaultConfigurationName = Release;
		};
		DF61F741157EB29600CCA56D /* Build configuration list for PBXNativeTarget "Chakrasana" */ = {
			isa = XCConfigurationList;
			buildConfigurations = (
				DF61F742157EB29600CCA56D /* Debug */,
				DF61F743157EB29600CCA56D /* Release */,
			);
			defaultConfigurationIsVisible = 0;
			defaultConfigurationName = Release;
		};
		DFB47C00157EB86500351C58 /* Build configuration list for PBXNativeTarget "Ardha" */ = {
			isa = XCConfigurationList;
			buildConfigurations = (
				DFB47C01157EB86500351C58 /* Debug */,
				DFB47C02157EB86500351C58 /* Release */,
			);
			defaultConfigurationIsVisible = 0;
		};
/* End XCConfigurationList section */
	};
	rootObject = DF61F720157EB29600CCA56D /* Project object */;
}
